
Microsoft Visual Studio Solution File, Format Version 12.00
# Visual Studio 14
VisualStudioVersion = 14.0.22823.1
MinimumVisualStudioVersion = 10.0.40219.1
Project("{FAE04EC0-301F-11D3-BF4B-00C04F79EFBC}") = "TiroirCaisse", "TiroirCaisse\TiroirCaisse.csproj", "{52EE80D4-60C2-49C2-AB16-8F251C191F93}"
EndProject
Project("{FAE04EC0-301F-11D3-BF4B-00C04F79EFBC}") = "TiroirCaisseTests", "TiroirCaisseTests\TiroirCaisseTests.csproj", "{C94163D3-4DBE-4B9A-A89D-DCF14616FBCD}"
EndProject
Global
	GlobalSection(SolutionConfigurationPlatforms) = preSolution
		Debug|Any CPU = Debug|Any CPU
		Release|Any CPU = Release|Any CPU
	EndGlobalSection
	GlobalSection(ProjectConfigurationPlatforms) = postSolution
		{52EE80D4-60C2-49C2-AB16-8F251C191F93}.Debug|Any CPU.ActiveCfg = Debug|Any CPU
		{52EE80D4-60C2-49C2-AB16-8F251C191F93}.Debug|Any CPU.Build.0 = Debug|Any CPU
		{52EE80D4-60C2-49C2-AB16-8F251C191F93}.Release|Any CPU.ActiveCfg = Release|Any CPU
		{52EE80D4-60C2-49C2-AB16-8F251C191F93}.Release|Any CPU.Build.0 = Release|Any CPU
		{C94163D3-4DBE-4B9A-A89D-DCF14616FBCD}.Debug|Any CPU.ActiveCfg = Debug|Any CPU
		{C94163D3-4DBE-4B9A-A89D-DCF14616FBCD}.Debug|Any CPU.Build.0 = Debug|Any CPU
		{C94163D3-4DBE-4B9A-A89D-DCF14616FBCD}.Release|Any CPU.ActiveCfg = Release|Any CPU
		{C94163D3-4DBE-4B9A-A89D-DCF14616FBCD}.Release|Any CPU.Build.0 = Release|Any CPU
	EndGlobalSection
	GlobalSection(SolutionProperties) = preSolution
		HideSolutionNode = FALSE
	EndGlobalSection
EndGlobal
